// !$*UTF8*$!
{
	archiveVersion = 1;
	classes = {
	};
	objectVersion = 53;
	objects = {

/* Begin PBXBuildFile section */
		910FF7912969BB8500229635 /* LocalFeedLoader.swift in Sources */ = {isa = PBXBuildFile; fileRef = 910FF7902969BB8500229635 /* LocalFeedLoader.swift */; };
		910FF7932969BBF100229635 /* FeedStore.swift in Sources */ = {isa = PBXBuildFile; fileRef = 910FF7922969BBF100229635 /* FeedStore.swift */; };
		912CAF7D289F7BB900763753 /* LoadFeedFromRemoteUseCaseTests.swift in Sources */ = {isa = PBXBuildFile; fileRef = 912CAF7C289F7BB900763753 /* LoadFeedFromRemoteUseCaseTests.swift */; };
		912CAF80289F84AC00763753 /* RemoteFeedLoader.swift in Sources */ = {isa = PBXBuildFile; fileRef = 912CAF7F289F84AC00763753 /* RemoteFeedLoader.swift */; };
		912CAF82289FB45E00763753 /* HTTPClient.swift in Sources */ = {isa = PBXBuildFile; fileRef = 912CAF81289FB45E00763753 /* HTTPClient.swift */; };
		912CAF84289FB48A00763753 /* FeedItemsMapper.swift in Sources */ = {isa = PBXBuildFile; fileRef = 912CAF83289FB48A00763753 /* FeedItemsMapper.swift */; };
		9138D7DE2960038100920C63 /* XCTestCase+MemoryLeakTracking.swift in Sources */ = {isa = PBXBuildFile; fileRef = 9138D7DD2960038100920C63 /* XCTestCase+MemoryLeakTracking.swift */; };
		9138D7E0296018AF00920C63 /* URLSessionHTTPClient.swift in Sources */ = {isa = PBXBuildFile; fileRef = 9138D7DF296018AF00920C63 /* URLSessionHTTPClient.swift */; };
		916FF4C32903EF5C001F66B3 /* URLSessionHTTPClientTests.swift in Sources */ = {isa = PBXBuildFile; fileRef = 916FF4C22903EF5C001F66B3 /* URLSessionHTTPClientTests.swift */; };
		9194B3BF289B47F3004C8F55 /* EssentialFeed.docc in Sources */ = {isa = PBXBuildFile; fileRef = 9194B3BE289B47F3004C8F55 /* EssentialFeed.docc */; };
		9194B3C5289B47F3004C8F55 /* EssentialFeed.framework in Frameworks */ = {isa = PBXBuildFile; fileRef = 9194B3BA289B47F2004C8F55 /* EssentialFeed.framework */; };
		9194B3CB289B47F3004C8F55 /* EssentialFeed.h in Headers */ = {isa = PBXBuildFile; fileRef = 9194B3BD289B47F2004C8F55 /* EssentialFeed.h */; settings = {ATTRIBUTES = (Public, ); }; };
		9194B3D5289B48C6004C8F55 /* FeedItem.swift in Sources */ = {isa = PBXBuildFile; fileRef = 9194B3D4289B48C6004C8F55 /* FeedItem.swift */; };
		9194B3D7289B4915004C8F55 /* FeedLoader.swift in Sources */ = {isa = PBXBuildFile; fileRef = 9194B3D6289B4915004C8F55 /* FeedLoader.swift */; };
		91C396FD2965508100679DCF /* EssentialFeedAPIEndToEndTests.swift in Sources */ = {isa = PBXBuildFile; fileRef = 91C396FC2965508100679DCF /* EssentialFeedAPIEndToEndTests.swift */; };
		91C396FE2965508100679DCF /* EssentialFeed.framework in Frameworks */ = {isa = PBXBuildFile; fileRef = 9194B3BA289B47F2004C8F55 /* EssentialFeed.framework */; };
		91C397042965587E00679DCF /* XCTestCase+MemoryLeakTracking.swift in Sources */ = {isa = PBXBuildFile; fileRef = 9138D7DD2960038100920C63 /* XCTestCase+MemoryLeakTracking.swift */; };
		91F4CD092965AD8100C983A8 /* CacheFeedUseCaseTests.swift in Sources */ = {isa = PBXBuildFile; fileRef = 91F4CD082965AD8100C983A8 /* CacheFeedUseCaseTests.swift */; };
/* End PBXBuildFile section */

/* Begin PBXContainerItemProxy section */
		9194B3C6289B47F3004C8F55 /* PBXContainerItemProxy */ = {
			isa = PBXContainerItemProxy;
			containerPortal = 9194B3B1289B47F2004C8F55 /* Project object */;
			proxyType = 1;
			remoteGlobalIDString = 9194B3B9289B47F2004C8F55;
			remoteInfo = EssentialFeed;
		};
		91C396FF2965508100679DCF /* PBXContainerItemProxy */ = {
			isa = PBXContainerItemProxy;
			containerPortal = 9194B3B1289B47F2004C8F55 /* Project object */;
			proxyType = 1;
			remoteGlobalIDString = 9194B3B9289B47F2004C8F55;
			remoteInfo = EssentialFeed;
		};
/* End PBXContainerItemProxy section */

/* Begin PBXFileReference section */
		910FF7902969BB8500229635 /* LocalFeedLoader.swift */ = {isa = PBXFileReference; lastKnownFileType = sourcecode.swift; path = LocalFeedLoader.swift; sourceTree = "<group>"; };
		910FF7922969BBF100229635 /* FeedStore.swift */ = {isa = PBXFileReference; lastKnownFileType = sourcecode.swift; path = FeedStore.swift; sourceTree = "<group>"; };
		912CAF7C289F7BB900763753 /* LoadFeedFromRemoteUseCaseTests.swift */ = {isa = PBXFileReference; lastKnownFileType = sourcecode.swift; path = LoadFeedFromRemoteUseCaseTests.swift; sourceTree = "<group>"; };
		912CAF7F289F84AC00763753 /* RemoteFeedLoader.swift */ = {isa = PBXFileReference; lastKnownFileType = sourcecode.swift; path = RemoteFeedLoader.swift; sourceTree = "<group>"; };
		912CAF81289FB45E00763753 /* HTTPClient.swift */ = {isa = PBXFileReference; lastKnownFileType = sourcecode.swift; path = HTTPClient.swift; sourceTree = "<group>"; };
		912CAF83289FB48A00763753 /* FeedItemsMapper.swift */ = {isa = PBXFileReference; lastKnownFileType = sourcecode.swift; path = FeedItemsMapper.swift; sourceTree = "<group>"; };
		9138D7DD2960038100920C63 /* XCTestCase+MemoryLeakTracking.swift */ = {isa = PBXFileReference; lastKnownFileType = sourcecode.swift; path = "XCTestCase+MemoryLeakTracking.swift"; sourceTree = "<group>"; };
		9138D7DF296018AF00920C63 /* URLSessionHTTPClient.swift */ = {isa = PBXFileReference; lastKnownFileType = sourcecode.swift; path = URLSessionHTTPClient.swift; sourceTree = "<group>"; };
		916FF4C22903EF5C001F66B3 /* URLSessionHTTPClientTests.swift */ = {isa = PBXFileReference; lastKnownFileType = sourcecode.swift; path = URLSessionHTTPClientTests.swift; sourceTree = "<group>"; };
		9194B3BA289B47F2004C8F55 /* EssentialFeed.framework */ = {isa = PBXFileReference; explicitFileType = wrapper.framework; includeInIndex = 0; path = EssentialFeed.framework; sourceTree = BUILT_PRODUCTS_DIR; };
		9194B3BD289B47F2004C8F55 /* EssentialFeed.h */ = {isa = PBXFileReference; lastKnownFileType = sourcecode.c.h; path = EssentialFeed.h; sourceTree = "<group>"; };
		9194B3BE289B47F3004C8F55 /* EssentialFeed.docc */ = {isa = PBXFileReference; lastKnownFileType = folder.documentationcatalog; path = EssentialFeed.docc; sourceTree = "<group>"; };
		9194B3C4289B47F3004C8F55 /* EssentialFeedTests.xctest */ = {isa = PBXFileReference; explicitFileType = wrapper.cfbundle; includeInIndex = 0; path = EssentialFeedTests.xctest; sourceTree = BUILT_PRODUCTS_DIR; };
		9194B3D4289B48C6004C8F55 /* FeedItem.swift */ = {isa = PBXFileReference; lastKnownFileType = sourcecode.swift; path = FeedItem.swift; sourceTree = "<group>"; };
		9194B3D6289B4915004C8F55 /* FeedLoader.swift */ = {isa = PBXFileReference; lastKnownFileType = sourcecode.swift; path = FeedLoader.swift; sourceTree = "<group>"; };
		91C396FA2965508100679DCF /* EssentialFeedAPIEndToEndTests.xctest */ = {isa = PBXFileReference; explicitFileType = wrapper.cfbundle; includeInIndex = 0; path = EssentialFeedAPIEndToEndTests.xctest; sourceTree = BUILT_PRODUCTS_DIR; };
		91C396FC2965508100679DCF /* EssentialFeedAPIEndToEndTests.swift */ = {isa = PBXFileReference; lastKnownFileType = sourcecode.swift; path = EssentialFeedAPIEndToEndTests.swift; sourceTree = "<group>"; };
		91F4CD082965AD8100C983A8 /* CacheFeedUseCaseTests.swift */ = {isa = PBXFileReference; lastKnownFileType = sourcecode.swift; path = CacheFeedUseCaseTests.swift; sourceTree = "<group>"; };
/* End PBXFileReference section */

/* Begin PBXFrameworksBuildPhase section */
		9194B3B7289B47F2004C8F55 /* Frameworks */ = {
			isa = PBXFrameworksBuildPhase;
			buildActionMask = 2147483647;
			files = (
			);
			runOnlyForDeploymentPostprocessing = 0;
		};
		9194B3C1289B47F3004C8F55 /* Frameworks */ = {
			isa = PBXFrameworksBuildPhase;
			buildActionMask = 2147483647;
			files = (
				9194B3C5289B47F3004C8F55 /* EssentialFeed.framework in Frameworks */,
			);
			runOnlyForDeploymentPostprocessing = 0;
		};
		91C396F72965508100679DCF /* Frameworks */ = {
			isa = PBXFrameworksBuildPhase;
			buildActionMask = 2147483647;
			files = (
				91C396FE2965508100679DCF /* EssentialFeed.framework in Frameworks */,
			);
			runOnlyForDeploymentPostprocessing = 0;
		};
/* End PBXFrameworksBuildPhase section */

/* Begin PBXGroup section */
		910FF78F2969BB5E00229635 /* FeedCache */ = {
			isa = PBXGroup;
			children = (
				910FF7902969BB8500229635 /* LocalFeedLoader.swift */,
				910FF7922969BBF100229635 /* FeedStore.swift */,
			);
			path = FeedCache;
			sourceTree = "<group>";
		};
		912CAF7E289F849400763753 /* FeedAPI */ = {
			isa = PBXGroup;
			children = (
				912CAF7F289F84AC00763753 /* RemoteFeedLoader.swift */,
				912CAF83289FB48A00763753 /* FeedItemsMapper.swift */,
				912CAF81289FB45E00763753 /* HTTPClient.swift */,
				9138D7DF296018AF00920C63 /* URLSessionHTTPClient.swift */,
			);
			path = FeedAPI;
			sourceTree = "<group>";
		};
		912CAF85289FBA9000763753 /* FeedAPI */ = {
			isa = PBXGroup;
			children = (
				912CAF7C289F7BB900763753 /* LoadFeedFromRemoteUseCaseTests.swift */,
				916FF4C22903EF5C001F66B3 /* URLSessionHTTPClientTests.swift */,
			);
			path = FeedAPI;
			sourceTree = "<group>";
		};
		9138D7DC2960036600920C63 /* Helpers */ = {
			isa = PBXGroup;
			children = (
				9138D7DD2960038100920C63 /* XCTestCase+MemoryLeakTracking.swift */,
			);
			path = Helpers;
			sourceTree = "<group>";
		};
		9194B3B0289B47F2004C8F55 = {
			isa = PBXGroup;
			children = (
				9194B3BC289B47F2004C8F55 /* EssentialFeed */,
				9194B3C8289B47F3004C8F55 /* EssentialFeedTests */,
				91C396FB2965508100679DCF /* EssentialFeedAPIEndToEndTests */,
				9194B3BB289B47F2004C8F55 /* Products */,
			);
			sourceTree = "<group>";
			usesTabs = 1;
		};
		9194B3BB289B47F2004C8F55 /* Products */ = {
			isa = PBXGroup;
			children = (
				9194B3BA289B47F2004C8F55 /* EssentialFeed.framework */,
				9194B3C4289B47F3004C8F55 /* EssentialFeedTests.xctest */,
				91C396FA2965508100679DCF /* EssentialFeedAPIEndToEndTests.xctest */,
			);
			name = Products;
			sourceTree = "<group>";
		};
		9194B3BC289B47F2004C8F55 /* EssentialFeed */ = {
			isa = PBXGroup;
			children = (
				910FF78F2969BB5E00229635 /* FeedCache */,
				9194B3D8289B4988004C8F55 /* FeedFeature */,
				912CAF7E289F849400763753 /* FeedAPI */,
				9194B3BD289B47F2004C8F55 /* EssentialFeed.h */,
				9194B3BE289B47F3004C8F55 /* EssentialFeed.docc */,
			);
			path = EssentialFeed;
			sourceTree = "<group>";
		};
		9194B3C8289B47F3004C8F55 /* EssentialFeedTests */ = {
			isa = PBXGroup;
			children = (
				9138D7DC2960036600920C63 /* Helpers */,
				91F4CD072965AD5400C983A8 /* FeedCache */,
				912CAF85289FBA9000763753 /* FeedAPI */,
			);
			path = EssentialFeedTests;
			sourceTree = "<group>";
		};
		9194B3D8289B4988004C8F55 /* FeedFeature */ = {
			isa = PBXGroup;
			children = (
				9194B3D4289B48C6004C8F55 /* FeedItem.swift */,
				9194B3D6289B4915004C8F55 /* FeedLoader.swift */,
			);
			path = FeedFeature;
			sourceTree = "<group>";
		};
		91C396FB2965508100679DCF /* EssentialFeedAPIEndToEndTests */ = {
			isa = PBXGroup;
			children = (
				91C396FC2965508100679DCF /* EssentialFeedAPIEndToEndTests.swift */,
			);
			path = EssentialFeedAPIEndToEndTests;
			sourceTree = "<group>";
		};
		91F4CD072965AD5400C983A8 /* FeedCache */ = {
			isa = PBXGroup;
			children = (
				91F4CD082965AD8100C983A8 /* CacheFeedUseCaseTests.swift */,
			);
			path = FeedCache;
			sourceTree = "<group>";
		};
/* End PBXGroup section */

/* Begin PBXHeadersBuildPhase section */
		9194B3B5289B47F2004C8F55 /* Headers */ = {
			isa = PBXHeadersBuildPhase;
			buildActionMask = 2147483647;
			files = (
				9194B3CB289B47F3004C8F55 /* EssentialFeed.h in Headers */,
			);
			runOnlyForDeploymentPostprocessing = 0;
		};
/* End PBXHeadersBuildPhase section */

/* Begin PBXNativeTarget section */
		9194B3B9289B47F2004C8F55 /* EssentialFeed */ = {
			isa = PBXNativeTarget;
			buildConfigurationList = 9194B3CE289B47F3004C8F55 /* Build configuration list for PBXNativeTarget "EssentialFeed" */;
			buildPhases = (
				9194B3B5289B47F2004C8F55 /* Headers */,
				9194B3B6289B47F2004C8F55 /* Sources */,
				9194B3B7289B47F2004C8F55 /* Frameworks */,
				9194B3B8289B47F2004C8F55 /* Resources */,
			);
			buildRules = (
			);
			dependencies = (
			);
			name = EssentialFeed;
			productName = EssentialFeed;
			productReference = 9194B3BA289B47F2004C8F55 /* EssentialFeed.framework */;
			productType = "com.apple.product-type.framework";
		};
		9194B3C3289B47F3004C8F55 /* EssentialFeedTests */ = {
			isa = PBXNativeTarget;
			buildConfigurationList = 9194B3D1289B47F3004C8F55 /* Build configuration list for PBXNativeTarget "EssentialFeedTests" */;
			buildPhases = (
				9194B3C0289B47F3004C8F55 /* Sources */,
				9194B3C1289B47F3004C8F55 /* Frameworks */,
				9194B3C2289B47F3004C8F55 /* Resources */,
			);
			buildRules = (
			);
			dependencies = (
				9194B3C7289B47F3004C8F55 /* PBXTargetDependency */,
			);
			name = EssentialFeedTests;
			productName = EssentialFeedTests;
			productReference = 9194B3C4289B47F3004C8F55 /* EssentialFeedTests.xctest */;
			productType = "com.apple.product-type.bundle.unit-test";
		};
		91C396F92965508100679DCF /* EssentialFeedAPIEndToEndTests */ = {
			isa = PBXNativeTarget;
			buildConfigurationList = 91C397032965508100679DCF /* Build configuration list for PBXNativeTarget "EssentialFeedAPIEndToEndTests" */;
			buildPhases = (
				91C396F62965508100679DCF /* Sources */,
				91C396F72965508100679DCF /* Frameworks */,
				91C396F82965508100679DCF /* Resources */,
			);
			buildRules = (
			);
			dependencies = (
				91C397002965508100679DCF /* PBXTargetDependency */,
			);
			name = EssentialFeedAPIEndToEndTests;
			productName = EssentialFeedAPIEndToEndTests;
			productReference = 91C396FA2965508100679DCF /* EssentialFeedAPIEndToEndTests.xctest */;
			productType = "com.apple.product-type.bundle.unit-test";
		};
/* End PBXNativeTarget section */

/* Begin PBXProject section */
		9194B3B1289B47F2004C8F55 /* Project object */ = {
			isa = PBXProject;
			attributes = {
				BuildIndependentTargetsInParallel = 1;
				LastSwiftUpdateCheck = 1400;
				LastUpgradeCheck = 1300;
				ORGANIZATIONNAME = "Essential Developer";
				TargetAttributes = {
					9194B3B9289B47F2004C8F55 = {
						CreatedOnToolsVersion = 13.0;
					};
					9194B3C3289B47F3004C8F55 = {
						CreatedOnToolsVersion = 13.0;
					};
					91C396F92965508100679DCF = {
						CreatedOnToolsVersion = 14.0;
					};
				};
			};
			buildConfigurationList = 9194B3B4289B47F2004C8F55 /* Build configuration list for PBXProject "EssentialFeed" */;
			compatibilityVersion = "Xcode 9.3";
			developmentRegion = en;
			hasScannedForEncodings = 0;
			knownRegions = (
				en,
				Base,
			);
			mainGroup = 9194B3B0289B47F2004C8F55;
			productRefGroup = 9194B3BB289B47F2004C8F55 /* Products */;
			projectDirPath = "";
			projectRoot = "";
			targets = (
				9194B3B9289B47F2004C8F55 /* EssentialFeed */,
				9194B3C3289B47F3004C8F55 /* EssentialFeedTests */,
				91C396F92965508100679DCF /* EssentialFeedAPIEndToEndTests */,
			);
		};
/* End PBXProject section */

/* Begin PBXResourcesBuildPhase section */
		9194B3B8289B47F2004C8F55 /* Resources */ = {
			isa = PBXResourcesBuildPhase;
			buildActionMask = 2147483647;
			files = (
			);
			runOnlyForDeploymentPostprocessing = 0;
		};
		9194B3C2289B47F3004C8F55 /* Resources */ = {
			isa = PBXResourcesBuildPhase;
			buildActionMask = 2147483647;
			files = (
			);
			runOnlyForDeploymentPostprocessing = 0;
		};
		91C396F82965508100679DCF /* Resources */ = {
			isa = PBXResourcesBuildPhase;
			buildActionMask = 2147483647;
			files = (
			);
			runOnlyForDeploymentPostprocessing = 0;
		};
/* End PBXResourcesBuildPhase section */

/* Begin PBXSourcesBuildPhase section */
		9194B3B6289B47F2004C8F55 /* Sources */ = {
			isa = PBXSourcesBuildPhase;
			buildActionMask = 2147483647;
			files = (
				910FF7932969BBF100229635 /* FeedStore.swift in Sources */,
				9138D7E0296018AF00920C63 /* URLSessionHTTPClient.swift in Sources */,
				912CAF80289F84AC00763753 /* RemoteFeedLoader.swift in Sources */,
				912CAF82289FB45E00763753 /* HTTPClient.swift in Sources */,
				9194B3D7289B4915004C8F55 /* FeedLoader.swift in Sources */,
				912CAF84289FB48A00763753 /* FeedItemsMapper.swift in Sources */,
				9194B3D5289B48C6004C8F55 /* FeedItem.swift in Sources */,
				910FF7912969BB8500229635 /* LocalFeedLoader.swift in Sources */,
				9194B3BF289B47F3004C8F55 /* EssentialFeed.docc in Sources */,
			);
			runOnlyForDeploymentPostprocessing = 0;
		};
		9194B3C0289B47F3004C8F55 /* Sources */ = {
			isa = PBXSourcesBuildPhase;
			buildActionMask = 2147483647;
			files = (
				912CAF7D289F7BB900763753 /* LoadFeedFromRemoteUseCaseTests.swift in Sources */,
				9138D7DE2960038100920C63 /* XCTestCase+MemoryLeakTracking.swift in Sources */,
				91F4CD092965AD8100C983A8 /* CacheFeedUseCaseTests.swift in Sources */,
				916FF4C32903EF5C001F66B3 /* URLSessionHTTPClientTests.swift in Sources */,
			);
			runOnlyForDeploymentPostprocessing = 0;
		};
		91C396F62965508100679DCF /* Sources */ = {
			isa = PBXSourcesBuildPhase;
			buildActionMask = 2147483647;
			files = (
				91C396FD2965508100679DCF /* EssentialFeedAPIEndToEndTests.swift in Sources */,
				91C397042965587E00679DCF /* XCTestCase+MemoryLeakTracking.swift in Sources */,
			);
			runOnlyForDeploymentPostprocessing = 0;
		};
/* End PBXSourcesBuildPhase section */

/* Begin PBXTargetDependency section */
		9194B3C7289B47F3004C8F55 /* PBXTargetDependency */ = {
			isa = PBXTargetDependency;
			target = 9194B3B9289B47F2004C8F55 /* EssentialFeed */;
			targetProxy = 9194B3C6289B47F3004C8F55 /* PBXContainerItemProxy */;
		};
		91C397002965508100679DCF /* PBXTargetDependency */ = {
			isa = PBXTargetDependency;
			target = 9194B3B9289B47F2004C8F55 /* EssentialFeed */;
			targetProxy = 91C396FF2965508100679DCF /* PBXContainerItemProxy */;
		};
/* End PBXTargetDependency section */

/* Begin XCBuildConfiguration section */
		9194B3CC289B47F3004C8F55 /* Debug */ = {
			isa = XCBuildConfiguration;
			buildSettings = {
				ALWAYS_SEARCH_USER_PATHS = NO;
				CLANG_ANALYZER_NONNULL = YES;
				CLANG_ANALYZER_NUMBER_OBJECT_CONVERSION = YES_AGGRESSIVE;
				CLANG_CXX_LANGUAGE_STANDARD = "gnu++17";
				CLANG_CXX_LIBRARY = "libc++";
				CLANG_ENABLE_MODULES = YES;
				CLANG_ENABLE_OBJC_ARC = YES;
				CLANG_ENABLE_OBJC_WEAK = YES;
				CLANG_WARN_BLOCK_CAPTURE_AUTORELEASING = YES;
				CLANG_WARN_BOOL_CONVERSION = YES;
				CLANG_WARN_COMMA = YES;
				CLANG_WARN_CONSTANT_CONVERSION = YES;
				CLANG_WARN_DEPRECATED_OBJC_IMPLEMENTATIONS = YES;
				CLANG_WARN_DIRECT_OBJC_ISA_USAGE = YES_ERROR;
				CLANG_WARN_DOCUMENTATION_COMMENTS = YES;
				CLANG_WARN_EMPTY_BODY = YES;
				CLANG_WARN_ENUM_CONVERSION = YES;
				CLANG_WARN_INFINITE_RECURSION = YES;
				CLANG_WARN_INT_CONVERSION = YES;
				CLANG_WARN_NON_LITERAL_NULL_CONVERSION = YES;
				CLANG_WARN_OBJC_IMPLICIT_RETAIN_SELF = YES;
				CLANG_WARN_OBJC_LITERAL_CONVERSION = YES;
				CLANG_WARN_OBJC_ROOT_CLASS = YES_ERROR;
				CLANG_WARN_QUOTED_INCLUDE_IN_FRAMEWORK_HEADER = YES;
				CLANG_WARN_RANGE_LOOP_ANALYSIS = YES;
				CLANG_WARN_STRICT_PROTOTYPES = YES;
				CLANG_WARN_SUSPICIOUS_MOVE = YES;
				CLANG_WARN_UNGUARDED_AVAILABILITY = YES_AGGRESSIVE;
				CLANG_WARN_UNREACHABLE_CODE = YES;
				CLANG_WARN__DUPLICATE_METHOD_MATCH = YES;
				COPY_PHASE_STRIP = NO;
				CURRENT_PROJECT_VERSION = 1;
				DEBUG_INFORMATION_FORMAT = dwarf;
				ENABLE_STRICT_OBJC_MSGSEND = YES;
				ENABLE_TESTABILITY = YES;
				GCC_C_LANGUAGE_STANDARD = gnu11;
				GCC_DYNAMIC_NO_PIC = NO;
				GCC_NO_COMMON_BLOCKS = YES;
				GCC_OPTIMIZATION_LEVEL = 0;
				GCC_PREPROCESSOR_DEFINITIONS = (
					"DEBUG=1",
					"$(inherited)",
				);
				GCC_WARN_64_TO_32_BIT_CONVERSION = YES;
				GCC_WARN_ABOUT_RETURN_TYPE = YES_ERROR;
				GCC_WARN_UNDECLARED_SELECTOR = YES;
				GCC_WARN_UNINITIALIZED_AUTOS = YES_AGGRESSIVE;
				GCC_WARN_UNUSED_FUNCTION = YES;
				GCC_WARN_UNUSED_VARIABLE = YES;
				MACOSX_DEPLOYMENT_TARGET = 11.3;
				MTL_ENABLE_DEBUG_INFO = INCLUDE_SOURCE;
				MTL_FAST_MATH = YES;
				ONLY_ACTIVE_ARCH = YES;
				SDKROOT = macosx;
				SWIFT_ACTIVE_COMPILATION_CONDITIONS = DEBUG;
				SWIFT_OPTIMIZATION_LEVEL = "-Onone";
				VERSIONING_SYSTEM = "apple-generic";
				VERSION_INFO_PREFIX = "";
			};
			name = Debug;
		};
		9194B3CD289B47F3004C8F55 /* Release */ = {
			isa = XCBuildConfiguration;
			buildSettings = {
				ALWAYS_SEARCH_USER_PATHS = NO;
				CLANG_ANALYZER_NONNULL = YES;
				CLANG_ANALYZER_NUMBER_OBJECT_CONVERSION = YES_AGGRESSIVE;
				CLANG_CXX_LANGUAGE_STANDARD = "gnu++17";
				CLANG_CXX_LIBRARY = "libc++";
				CLANG_ENABLE_MODULES = YES;
				CLANG_ENABLE_OBJC_ARC = YES;
				CLANG_ENABLE_OBJC_WEAK = YES;
				CLANG_WARN_BLOCK_CAPTURE_AUTORELEASING = YES;
				CLANG_WARN_BOOL_CONVERSION = YES;
				CLANG_WARN_COMMA = YES;
				CLANG_WARN_CONSTANT_CONVERSION = YES;
				CLANG_WARN_DEPRECATED_OBJC_IMPLEMENTATIONS = YES;
				CLANG_WARN_DIRECT_OBJC_ISA_USAGE = YES_ERROR;
				CLANG_WARN_DOCUMENTATION_COMMENTS = YES;
				CLANG_WARN_EMPTY_BODY = YES;
				CLANG_WARN_ENUM_CONVERSION = YES;
				CLANG_WARN_INFINITE_RECURSION = YES;
				CLANG_WARN_INT_CONVERSION = YES;
				CLANG_WARN_NON_LITERAL_NULL_CONVERSION = YES;
				CLANG_WARN_OBJC_IMPLICIT_RETAIN_SELF = YES;
				CLANG_WARN_OBJC_LITERAL_CONVERSION = YES;
				CLANG_WARN_OBJC_ROOT_CLASS = YES_ERROR;
				CLANG_WARN_QUOTED_INCLUDE_IN_FRAMEWORK_HEADER = YES;
				CLANG_WARN_RANGE_LOOP_ANALYSIS = YES;
				CLANG_WARN_STRICT_PROTOTYPES = YES;
				CLANG_WARN_SUSPICIOUS_MOVE = YES;
				CLANG_WARN_UNGUARDED_AVAILABILITY = YES_AGGRESSIVE;
				CLANG_WARN_UNREACHABLE_CODE = YES;
				CLANG_WARN__DUPLICATE_METHOD_MATCH = YES;
				COPY_PHASE_STRIP = NO;
				CURRENT_PROJECT_VERSION = 1;
				DEBUG_INFORMATION_FORMAT = "dwarf-with-dsym";
				ENABLE_NS_ASSERTIONS = NO;
				ENABLE_STRICT_OBJC_MSGSEND = YES;
				GCC_C_LANGUAGE_STANDARD = gnu11;
				GCC_NO_COMMON_BLOCKS = YES;
				GCC_WARN_64_TO_32_BIT_CONVERSION = YES;
				GCC_WARN_ABOUT_RETURN_TYPE = YES_ERROR;
				GCC_WARN_UNDECLARED_SELECTOR = YES;
				GCC_WARN_UNINITIALIZED_AUTOS = YES_AGGRESSIVE;
				GCC_WARN_UNUSED_FUNCTION = YES;
				GCC_WARN_UNUSED_VARIABLE = YES;
				MACOSX_DEPLOYMENT_TARGET = 11.3;
				MTL_ENABLE_DEBUG_INFO = NO;
				MTL_FAST_MATH = YES;
				SDKROOT = macosx;
				SWIFT_COMPILATION_MODE = wholemodule;
				SWIFT_OPTIMIZATION_LEVEL = "-O";
				VERSIONING_SYSTEM = "apple-generic";
				VERSION_INFO_PREFIX = "";
			};
			name = Release;
		};
		9194B3CF289B47F3004C8F55 /* Debug */ = {
			isa = XCBuildConfiguration;
			buildSettings = {
				CODE_SIGN_STYLE = Manual;
				COMBINE_HIDPI_IMAGES = YES;
				CURRENT_PROJECT_VERSION = 1;
				DEFINES_MODULE = YES;
				DEVELOPMENT_TEAM = "";
				DYLIB_COMPATIBILITY_VERSION = 1;
				DYLIB_CURRENT_VERSION = 1;
				DYLIB_INSTALL_NAME_BASE = "@rpath";
				GENERATE_INFOPLIST_FILE = YES;
				INFOPLIST_KEY_NSHumanReadableCopyright = "";
				INSTALL_PATH = "$(LOCAL_LIBRARY_DIR)/Frameworks";
				LD_RUNPATH_SEARCH_PATHS = (
					"$(inherited)",
					"@executable_path/../Frameworks",
					"@loader_path/Frameworks",
				);
				MARKETING_VERSION = 1.0;
				PRODUCT_BUNDLE_IDENTIFIER = com.essentialdeveloper.EssentialFeed;
				PRODUCT_NAME = "$(TARGET_NAME:c99extidentifier)";
				PROVISIONING_PROFILE_SPECIFIER = "";
				SKIP_INSTALL = YES;
				SWIFT_EMIT_LOC_STRINGS = YES;
				SWIFT_VERSION = 5.0;
			};
			name = Debug;
		};
		9194B3D0289B47F3004C8F55 /* Release */ = {
			isa = XCBuildConfiguration;
			buildSettings = {
				CODE_SIGN_STYLE = Manual;
				COMBINE_HIDPI_IMAGES = YES;
				CURRENT_PROJECT_VERSION = 1;
				DEFINES_MODULE = YES;
				DEVELOPMENT_TEAM = "";
				DYLIB_COMPATIBILITY_VERSION = 1;
				DYLIB_CURRENT_VERSION = 1;
				DYLIB_INSTALL_NAME_BASE = "@rpath";
				GENERATE_INFOPLIST_FILE = YES;
				INFOPLIST_KEY_NSHumanReadableCopyright = "";
				INSTALL_PATH = "$(LOCAL_LIBRARY_DIR)/Frameworks";
				LD_RUNPATH_SEARCH_PATHS = (
					"$(inherited)",
					"@executable_path/../Frameworks",
					"@loader_path/Frameworks",
				);
				MARKETING_VERSION = 1.0;
				PRODUCT_BUNDLE_IDENTIFIER = com.essentialdeveloper.EssentialFeed;
				PRODUCT_NAME = "$(TARGET_NAME:c99extidentifier)";
				PROVISIONING_PROFILE_SPECIFIER = "";
				SKIP_INSTALL = YES;
				SWIFT_EMIT_LOC_STRINGS = YES;
				SWIFT_VERSION = 5.0;
			};
			name = Release;
		};
		9194B3D2289B47F3004C8F55 /* Debug */ = {
			isa = XCBuildConfiguration;
			buildSettings = {
				ALWAYS_EMBED_SWIFT_STANDARD_LIBRARIES = YES;
				CODE_SIGN_STYLE = Manual;
				COMBINE_HIDPI_IMAGES = YES;
				CURRENT_PROJECT_VERSION = 1;
				DEVELOPMENT_TEAM = "";
				GENERATE_INFOPLIST_FILE = YES;
				LD_RUNPATH_SEARCH_PATHS = (
					"$(inherited)",
					"@executable_path/../Frameworks",
					"@loader_path/../Frameworks",
				);
				MARKETING_VERSION = 1.0;
				PRODUCT_BUNDLE_IDENTIFIER = com.essentialdeveloper.EssentialFeedTests;
				PRODUCT_NAME = "$(TARGET_NAME)";
				PROVISIONING_PROFILE_SPECIFIER = "";
				SWIFT_EMIT_LOC_STRINGS = NO;
				SWIFT_VERSION = 5.0;
			};
			name = Debug;
		};
		9194B3D3289B47F3004C8F55 /* Release */ = {
			isa = XCBuildConfiguration;
			buildSettings = {
				ALWAYS_EMBED_SWIFT_STANDARD_LIBRARIES = YES;
				CODE_SIGN_STYLE = Manual;
				COMBINE_HIDPI_IMAGES = YES;
				CURRENT_PROJECT_VERSION = 1;
				DEVELOPMENT_TEAM = "";
				GENERATE_INFOPLIST_FILE = YES;
				LD_RUNPATH_SEARCH_PATHS = (
					"$(inherited)",
					"@executable_path/../Frameworks",
					"@loader_path/../Frameworks",
				);
				MARKETING_VERSION = 1.0;
				PRODUCT_BUNDLE_IDENTIFIER = com.essentialdeveloper.EssentialFeedTests;
				PRODUCT_NAME = "$(TARGET_NAME)";
				PROVISIONING_PROFILE_SPECIFIER = "";
				SWIFT_EMIT_LOC_STRINGS = NO;
				SWIFT_VERSION = 5.0;
			};
			name = Release;
		};
		91C397012965508100679DCF /* Debug */ = {
			isa = XCBuildConfiguration;
			buildSettings = {
				CLANG_CXX_LANGUAGE_STANDARD = "gnu++20";
				"CODE_SIGN_IDENTITY[sdk=macosx*]" = "-";
				CODE_SIGN_STYLE = Manual;
				CURRENT_PROJECT_VERSION = 1;
				DEVELOPMENT_TEAM = "";
				"DEVELOPMENT_TEAM[sdk=macosx*]" = SM8JGRFPQU;
				GENERATE_INFOPLIST_FILE = YES;
				MACOSX_DEPLOYMENT_TARGET = 11.3;
				MARKETING_VERSION = 1.0;
				PRODUCT_BUNDLE_IDENTIFIER = com.uwaisalqadri.EssentialFeedAPIEndToEndTests;
				PRODUCT_NAME = "$(TARGET_NAME)";
				PROVISIONING_PROFILE_SPECIFIER = "";
				SWIFT_EMIT_LOC_STRINGS = NO;
				SWIFT_VERSION = 5.0;
			};
			name = Debug;
		};
		91C397022965508100679DCF /* Release */ = {
			isa = XCBuildConfiguration;
			buildSettings = {
				CLANG_CXX_LANGUAGE_STANDARD = "gnu++20";
				"CODE_SIGN_IDENTITY[sdk=macosx*]" = "-";
				CODE_SIGN_STYLE = Manual;
				CURRENT_PROJECT_VERSION = 1;
				DEVELOPMENT_TEAM = "";
				"DEVELOPMENT_TEAM[sdk=macosx*]" = SM8JGRFPQU;
				GENERATE_INFOPLIST_FILE = YES;
				MACOSX_DEPLOYMENT_TARGET = 11.3;
				MARKETING_VERSION = 1.0;
				PRODUCT_BUNDLE_IDENTIFIER = com.uwaisalqadri.EssentialFeedAPIEndToEndTests;
				PRODUCT_NAME = "$(TARGET_NAME)";
				PROVISIONING_PROFILE_SPECIFIER = "";
				SWIFT_EMIT_LOC_STRINGS = NO;
				SWIFT_VERSION = 5.0;
			};
			name = Release;
		};
/* End XCBuildConfiguration section */

/* Begin XCConfigurationList section */
		9194B3B4289B47F2004C8F55 /* Build configuration list for PBXProject "EssentialFeed" */ = {
			isa = XCConfigurationList;
			buildConfigurations = (
				9194B3CC289B47F3004C8F55 /* Debug */,
				9194B3CD289B47F3004C8F55 /* Release */,
			);
			defaultConfigurationIsVisible = 0;
			defaultConfigurationName = Release;
		};
		9194B3CE289B47F3004C8F55 /* Build configuration list for PBXNativeTarget "EssentialFeed" */ = {
			isa = XCConfigurationList;
			buildConfigurations = (
				9194B3CF289B47F3004C8F55 /* Debug */,
				9194B3D0289B47F3004C8F55 /* Release */,
			);
			defaultConfigurationIsVisible = 0;
			defaultConfigurationName = Release;
		};
		9194B3D1289B47F3004C8F55 /* Build configuration list for PBXNativeTarget "EssentialFeedTests" */ = {
			isa = XCConfigurationList;
			buildConfigurations = (
				9194B3D2289B47F3004C8F55 /* Debug */,
				9194B3D3289B47F3004C8F55 /* Release */,
			);
			defaultConfigurationIsVisible = 0;
			defaultConfigurationName = Release;
		};
		91C397032965508100679DCF /* Build configuration list for PBXNativeTarget "EssentialFeedAPIEndToEndTests" */ = {
			isa = XCConfigurationList;
			buildConfigurations = (
				91C397012965508100679DCF /* Debug */,
				91C397022965508100679DCF /* Release */,
			);
			defaultConfigurationIsVisible = 0;
			defaultConfigurationName = Release;
		};
/* End XCConfigurationList section */
	};
	rootObject = 9194B3B1289B47F2004C8F55 /* Project object */;
}
